{
  "nodes": {
    "brew-src": {
      "flake": false,
      "locked": {
        "lastModified": 1761551821,
        "narHash": "sha256-N3Zj73TAxclhLGgADbPVwcVrhYIBKUgAxjfQuOXre6s=",
        "owner": "Homebrew",
        "repo": "brew",
        "rev": "8f6719274133c5bcc24c058c5a6bcbb3b0cd48b3",
        "type": "github"
      },
      "original": {
        "owner": "Homebrew",
        "ref": "4.6.19",
        "repo": "brew",
        "type": "github"
      }
    },
    "home-manager": {
      "inputs": {
        "nixpkgs": [
          "nixpkgs"
        ]
      },
      "locked": {
        "lastModified": 1758463745,
        "narHash": "sha256-uhzsV0Q0I9j2y/rfweWeGif5AWe0MGrgZ/3TjpDYdGA=",
        "owner": "nix-community",
        "repo": "home-manager",
        "rev": "3b955f5f0a942f9f60cdc9cacb7844335d0f21c3",
        "type": "github"
      },
      "original": {
        "owner": "nix-community",
        "ref": "release-25.05",
        "repo": "home-manager",
        "type": "github"
      }
    },
    "homebrew-cask": {
      "flake": false,
      "locked": {
        "lastModified": 1762816016,
        "narHash": "sha256-MWp9gxwJHL5yxYX9w+wOA5dbKo3DCnFJFHRBUny7ZMU=",
        "owner": "homebrew",
        "repo": "homebrew-cask",
        "rev": "3bd580fde8e94891d089e4546f759ab9f4c2fd41",
        "type": "github"
      },
      "original": {
        "owner": "homebrew",
        "repo": "homebrew-cask",
        "type": "github"
      }
    },
    "homebrew-core": {
      "flake": false,
      "locked": {
        "lastModified": 1762818861,
        "narHash": "sha256-lD2XRiDYNks91Hqvvq0/17cj3hLcmaWCViBrh6WQjis=",
        "owner": "homebrew",
        "repo": "homebrew-core",
        "rev": "b05c4f5351b811a3e0052527f85a12e58dd8f7b5",
        "type": "github"
      },
      "original": {
        "owner": "homebrew",
        "repo": "homebrew-core",
        "type": "github"
      }
    },
    "nix-darwin": {
      "inputs": {
        "nixpkgs": [
          "nixpkgs"
        ]
      },
      "locked": {
        "lastModified": 1759509947,
        "narHash": "sha256-4XifSIHfpJKcCf5bZZRhj8C4aCpjNBaE3kXr02s4rHU=",
        "owner": "nix-darwin",
        "repo": "nix-darwin",
        "rev": "000eadb231812ad6ea6aebd7526974aaf4e79355",
        "type": "github"
      },
      "original": {
        "owner": "nix-darwin",
        "ref": "nix-darwin-25.05",
        "repo": "nix-darwin",
        "type": "github"
      }
    },
    "nix-homebrew": {
      "inputs": {
        "brew-src": "brew-src"
      },
      "locked": {
        "lastModified": 1761927470,
        "narHash": "sha256-KsFDGRGD8j1R6TvJ4HkebKsh3HXLY0XazanLrhO3wqE=",
        "owner": "zhaofengli",
        "repo": "nix-homebrew",
        "rev": "3cae36b3a17b09a66435291619dce8cf2c4728ca",
        "type": "github"
      },
      "original": {
        "owner": "zhaofengli",
        "repo": "nix-homebrew",
        "type": "github"
      }
    },
    "nixpkgs": {
      "locked": {
        "lastModified": 1762708175,
        "narHash": "sha256-XPp8J27JZUz0S6EdaB0Nv6Dhg5yGzh2l6GYuOCltGGI=",
        "owner": "NixOS",
        "repo": "nixpkgs",
        "rev": "14a52fb0756dac5e13576568c824dbe43800c1fa",
        "type": "github"
      },
      "original": {
        "owner": "NixOS",
        "ref": "nixpkgs-25.05-darwin",
        "repo": "nixpkgs",
        "type": "github"
      }
    },
    "nixpkgs-unstable": {
      "locked": {
        "lastModified": 1762482733,
        "narHash": "sha256-g/da4FzvckvbiZT075Sb1/YDNDr+tGQgh4N8i5ceYMg=",
        "owner": "NixOS",
        "repo": "nixpkgs",
        "rev": "e1ebeec86b771e9d387dd02d82ffdc77ac753abc",
        "type": "github"
      },
      "original": {
        "owner": "NixOS",
        "ref": "nixpkgs-unstable",
        "repo": "nixpkgs",
        "type": "github"
      }
    },
    "notepad-next": {
      "flake": false,
      "locked": {
        "narHash": "sha256-UROrnxBInPa8Dse7dC/7+lzTumRw8IF2XCYirV0Ki5s=",
        "type": "file",
        "url": "https://github.com/dail8859/homebrew-notepadnext"
      },
      "original": {
        "type": "file",
        "url": "https://github.com/dail8859/homebrew-notepadnext"
      }
    },
    "root": {
      "inputs": {
        "home-manager": "home-manager",
        "homebrew-cask": "homebrew-cask",
        "homebrew-core": "homebrew-core",
        "nix-darwin": "nix-darwin",
        "nix-homebrew": "nix-homebrew",
        "nixpkgs": "nixpkgs",
        "nixpkgs-unstable": "nixpkgs-unstable",
        "notepad-next": "notepad-next",
        "speedtest": "speedtest"
      }
    },
    "speedtest": {
      "flake": false,
      "locked": {
        "lastModified": 1660162552,
        "narHash": "sha256-IaVzg2Nw02RXXz0hmWHP5oq94aAN4Qn6+Y1dC+k+JVM=",
        "owner": "teamookla",
        "repo": "homebrew-speedtest",
        "rev": "1ff487f465bb01c3007c0bc17f1f793244ee2eaa",
        "type": "github"
      },
      "original": {
        "owner": "teamookla",
        "repo": "homebrew-speedtest",
        "type": "github"
      }
    }
  },
  "root": "root",
  "version": 7
}
